
Microsoft Visual Studio Solution File, Format Version 12.00
# Visual Studio 15
Project("{FAE04EC0-301F-11D3-BF4B-00C04F79EFBC}") = "Unity.Timeline", "Unity.Timeline.csproj", "{7832CF46-707F-74C8-6BE2-6D8CCFEDC359}"
EndProject
Project("{FAE04EC0-301F-11D3-BF4B-00C04F79EFBC}") = "Unity.Timeline.Editor", "Unity.Timeline.Editor.csproj", "{10ACCCF2-FAC9-2846-72BF-09A3A7CDAD20}"
EndProject
Project("{FAE04EC0-301F-11D3-BF4B-00C04F79EFBC}") = "Unity.2D.Tilemap.Editor", "Unity.2D.Tilemap.Editor.csproj", "{4EB2FB23-E3C0-C091-1336-F9088DDC200E}"
EndProject
Project("{FAE04EC0-301F-11D3-BF4B-00C04F79EFBC}") = "Unity.TextMeshPro.Editor", "Unity.TextMeshPro.Editor.csproj", "{AC479033-B83A-52BF-3C52-0DA41C490C9A}"
EndProject
Project("{FAE04EC0-301F-11D3-BF4B-00C04F79EFBC}") = "LDtkUnity.Runtime", "LDtkUnity.Runtime.csproj", "{0143D661-C7AC-A978-05BD-8AC0982B8706}"
EndProject
Project("{FAE04EC0-301F-11D3-BF4B-00C04F79EFBC}") = "Unity.2D.Aseprite.Editor", "Unity.2D.Aseprite.Editor.csproj", "{ACED0A45-58A8-26FF-DD5A-DE1B201AE934}"
EndProject
Project("{FAE04EC0-301F-11D3-BF4B-00C04F79EFBC}") = "Unity.VisualScripting.Flow", "Unity.VisualScripting.Flow.csproj", "{2AB59352-D21B-7065-6F09-7CF6BE5F5314}"
EndProject
Project("{FAE04EC0-301F-11D3-BF4B-00C04F79EFBC}") = "UnityEditor.UI", "UnityEditor.UI.csproj", "{05786791-6766-96AA-60C9-867755DEE91F}"
EndProject
Project("{FAE04EC0-301F-11D3-BF4B-00C04F79EFBC}") = "Unity.PlasticSCM.Editor", "Unity.PlasticSCM.Editor.csproj", "{2F9B2ED5-9BF4-0DB4-D232-1A3C9EBD6546}"
EndProject
Project("{FAE04EC0-301F-11D3-BF4B-00C04F79EFBC}") = "Unity.2D.Psdimporter.Editor", "Unity.2D.Psdimporter.Editor.csproj", "{79B8FE44-8E0D-6172-F280-8935BC7CC0AE}"
EndProject
Project("{FAE04EC0-301F-11D3-BF4B-00C04F79EFBC}") = "Unity.VisualScripting.Core", "Unity.VisualScripting.Core.csproj", "{E6A4A47E-2765-0976-602C-BFEDC7B8F8E2}"
EndProject
Project("{FAE04EC0-301F-11D3-BF4B-00C04F79EFBC}") = "Unity.Mathematics", "Unity.Mathematics.csproj", "{7993BFF4-1DE6-0D9B-8185-53E2D75415D3}"
EndProject
Project("{FAE04EC0-301F-11D3-BF4B-00C04F79EFBC}") = "Unity.2D.Animation.Editor", "Unity.2D.Animation.Editor.csproj", "{5622CAE7-ED32-DD55-F6D6-553D084684F5}"
EndProject
Project("{FAE04EC0-301F-11D3-BF4B-00C04F79EFBC}") = "Unity.2D.Common.Path.Editor", "Unity.2D.Common.Path.Editor.csproj", "{F8A89952-57A4-0E6F-E993-30DB6F6E7B62}"
EndProject
Project("{FAE04EC0-301F-11D3-BF4B-00C04F79EFBC}") = "Unity.VisualScripting.Core.Editor", "Unity.VisualScripting.Core.Editor.csproj", "{1D5D4963-7160-5CD7-9FCB-60CE52CBBEDC}"
EndProject
Project("{FAE04EC0-301F-11D3-BF4B-00C04F79EFBC}") = "Unity.2D.IK.Runtime", "Unity.2D.IK.Runtime.csproj", "{E4553701-129B-AF81-FF58-CE7C4A0DC604}"
EndProject
Project("{FAE04EC0-301F-11D3-BF4B-00C04F79EFBC}") = "Unity.VisualScripting.Flow.Editor", "Unity.VisualScripting.Flow.Editor.csproj", "{7BDE08BF-1C43-D678-EC87-4E8C1E4D3047}"
EndProject
Project("{FAE04EC0-301F-11D3-BF4B-00C04F79EFBC}") = "UnityEditor.TestRunner", "UnityEditor.TestRunner.csproj", "{110EA90E-891F-0CDA-DA55-5EDFEFB5EF07}"
EndProject
Project("{FAE04EC0-301F-11D3-BF4B-00C04F79EFBC}") = "Unity.VisualScripting.SettingsProvider.Editor", "Unity.VisualScripting.SettingsProvider.Editor.csproj", "{828E1BEF-A13A-9EE8-17C3-1570E531D966}"
EndProject
Project("{FAE04EC0-301F-11D3-BF4B-00C04F79EFBC}") = "UnityEngine.TestRunner", "UnityEngine.TestRunner.csproj", "{06506E4E-4703-1059-8B79-356B72208CF7}"
EndProject
Project("{FAE04EC0-301F-11D3-BF4B-00C04F79EFBC}") = "PsdPlugin", "PsdPlugin.csproj", "{D10EAA16-3693-3F87-55F4-8AF013BB2260}"
EndProject
Project("{FAE04EC0-301F-11D3-BF4B-00C04F79EFBC}") = "LDtkUnity.Editor", "LDtkUnity.Editor.csproj", "{35541CFF-23CF-5FE1-0DF7-ED1062C908BB}"
EndProject
Project("{FAE04EC0-301F-11D3-BF4B-00C04F79EFBC}") = "Unity.Burst", "Unity.Burst.csproj", "{3EAF256B-3B07-BB67-4DCE-E4E867283051}"
EndProject
Project("{FAE04EC0-301F-11D3-BF4B-00C04F79EFBC}") = "UnityEngine.UI", "UnityEngine.UI.csproj", "{7E54AF23-2DDB-808D-3DDA-C8A46989E374}"
EndProject
Project("{FAE04EC0-301F-11D3-BF4B-00C04F79EFBC}") = "Unity.2D.SpriteShape.Editor", "Unity.2D.SpriteShape.Editor.csproj", "{FDEAB850-1F92-ED67-01CA-D25BCE895BF3}"
EndProject
Project("{FAE04EC0-301F-11D3-BF4B-00C04F79EFBC}") = "Unity.Collections", "Unity.Collections.csproj", "{ED4EE1DB-F960-2AC3-832B-8436BEF3F145}"
EndProject
Project("{FAE04EC0-301F-11D3-BF4B-00C04F79EFBC}") = "Unity.AI.Navigation.Editor", "Unity.AI.Navigation.Editor.csproj", "{0CE54530-734D-25C2-9897-0ADFBE19CF41}"
EndProject
Project("{FAE04EC0-301F-11D3-BF4B-00C04F79EFBC}") = "Unity.VisualStudio.Editor", "Unity.VisualStudio.Editor.csproj", "{922C62C2-EBD4-B568-5E7D-9EF25BB15F6F}"
EndProject
Project("{FAE04EC0-301F-11D3-BF4B-00C04F79EFBC}") = "Assembly-CSharp", "Assembly-CSharp.csproj", "{080FD742-CDCE-FEE5-2EEA-1708F42287B2}"
EndProject
Project("{FAE04EC0-301F-11D3-BF4B-00C04F79EFBC}") = "Unity.2D.Tilemap.Extras.Editor", "Unity.2D.Tilemap.Extras.Editor.csproj", "{37D3FE10-F98A-92FA-5C1D-DB20A49B0455}"
EndProject
Project("{FAE04EC0-301F-11D3-BF4B-00C04F79EFBC}") = "Unity.Rider.Editor", "Unity.Rider.Editor.csproj", "{FD9ABB42-EABC-5E95-C7E0-D2C4DE01EC59}"
EndProject
Project("{FAE04EC0-301F-11D3-BF4B-00C04F79EFBC}") = "Unity.InternalAPIEditorBridge.001", "Unity.InternalAPIEditorBridge.001.csproj", "{7A8504B4-FBF8-47E8-F614-23DCB792EE5C}"
EndProject
Project("{FAE04EC0-301F-11D3-BF4B-00C04F79EFBC}") = "Unity.2D.SpriteShape.Runtime", "Unity.2D.SpriteShape.Runtime.csproj", "{B39B4304-B390-88BA-1920-11B4DDD403FB}"
EndProject
Project("{FAE04EC0-301F-11D3-BF4B-00C04F79EFBC}") = "Unity.AI.Navigation", "Unity.AI.Navigation.csproj", "{8F2ED78E-1795-01BF-5DA7-2F4005172326}"
EndProject
Project("{FAE04EC0-301F-11D3-BF4B-00C04F79EFBC}") = "Unity.AI.Navigation.Editor.ConversionSystem", "Unity.AI.Navigation.Editor.ConversionSystem.csproj", "{4014E84D-7758-7942-F283-EE8A8E9C74AC}"
EndProject
Project("{FAE04EC0-301F-11D3-BF4B-00C04F79EFBC}") = "Unity.VisualScripting.State.Editor", "Unity.VisualScripting.State.Editor.csproj", "{EBD3832E-419F-DA30-3550-7B7C12D6735B}"
EndProject
Project("{FAE04EC0-301F-11D3-BF4B-00C04F79EFBC}") = "Unity.2D.Animation.Runtime", "Unity.2D.Animation.Runtime.csproj", "{ECAE642C-28BF-3E90-FCD2-B9F7E9693AF1}"
EndProject
Project("{FAE04EC0-301F-11D3-BF4B-00C04F79EFBC}") = "Unity.Burst.CodeGen", "Unity.Burst.CodeGen.csproj", "{C72DD1B0-CCA8-4574-E15B-F476F4B2C8F5}"
EndProject
Project("{FAE04EC0-301F-11D3-BF4B-00C04F79EFBC}") = "Unity.InternalAPIEditorBridge.004", "Unity.InternalAPIEditorBridge.004.csproj", "{1E3FEFAB-D09D-4384-299B-4C1189EB6858}"
EndProject
Project("{FAE04EC0-301F-11D3-BF4B-00C04F79EFBC}") = "Unity.2D.Tilemap.Extras", "Unity.2D.Tilemap.Extras.csproj", "{B93738E5-71FA-400C-B446-07BF6D51B380}"
EndProject
Project("{FAE04EC0-301F-11D3-BF4B-00C04F79EFBC}") = "Unity.VisualScripting.State", "Unity.VisualScripting.State.csproj", "{E75B826F-7169-C3CC-A3D7-B02E5D6E66EE}"
EndProject
Project("{FAE04EC0-301F-11D3-BF4B-00C04F79EFBC}") = "Unity.TextMeshPro", "Unity.TextMeshPro.csproj", "{24F1CD92-E158-75C9-44CC-DEF4EECE5B3A}"
EndProject
Project("{FAE04EC0-301F-11D3-BF4B-00C04F79EFBC}") = "Unity.2D.Aseprite.Common", "Unity.2D.Aseprite.Common.csproj", "{C5CA4C9F-E58F-3901-0168-3A208A849091}"
EndProject
Project("{FAE04EC0-301F-11D3-BF4B-00C04F79EFBC}") = "Unity.VSCode.Editor", "Unity.VSCode.Editor.csproj", "{CB2C8E04-1092-5E44-83D6-5E820D4F2474}"
EndProject
Project("{FAE04EC0-301F-11D3-BF4B-00C04F79EFBC}") = "Unity.2D.IK.Editor", "Unity.2D.IK.Editor.csproj", "{93EBB05C-4301-EE46-D536-7E48CDAC8EDD}"
EndProject
Project("{FAE04EC0-301F-11D3-BF4B-00C04F79EFBC}") = "Unity.InternalAPIEngineBridge.001", "Unity.InternalAPIEngineBridge.001.csproj", "{FC7789A2-6B4C-06E4-9C6F-4CA31EB17ADE}"
EndProject
Project("{FAE04EC0-301F-11D3-BF4B-00C04F79EFBC}") = "Unity.Burst.Editor", "Unity.Burst.Editor.csproj", "{7C32BC5D-D8B2-1BFC-8E8E-503B49980E7A}"
EndProject
Project("{FAE04EC0-301F-11D3-BF4B-00C04F79EFBC}") = "Unity.2D.Common.Editor", "Unity.2D.Common.Editor.csproj", "{C113820F-0A3F-1F87-720F-5060B71049AA}"
EndProject
Project("{FAE04EC0-301F-11D3-BF4B-00C04F79EFBC}") = "Unity.2D.Sprite.Editor", "Unity.2D.Sprite.Editor.csproj", "{0B7C1FFB-66DB-D602-9098-0CD2D55BBAB8}"
EndProject
Project("{FAE04EC0-301F-11D3-BF4B-00C04F79EFBC}") = "Unity.AI.Navigation.Updater", "Unity.AI.Navigation.Updater.csproj", "{E86A70FE-1337-7458-E70B-D7A862851DCF}"
EndProject
Project("{FAE04EC0-301F-11D3-BF4B-00C04F79EFBC}") = "Unity.2D.PixelPerfect", "Unity.2D.PixelPerfect.csproj", "{981081E0-71C7-8589-05D4-31CAF5D78F9A}"
EndProject
Project("{FAE04EC0-301F-11D3-BF4B-00C04F79EFBC}") = "Unity.2D.PixelPerfect.Editor", "Unity.2D.PixelPerfect.Editor.csproj", "{2EE129C7-2804-6219-ED8B-51180D5B98C4}"
EndProject
Project("{FAE04EC0-301F-11D3-BF4B-00C04F79EFBC}") = "Unity.2D.Common.Runtime", "Unity.2D.Common.Runtime.csproj", "{C101FF03-0CB9-D1E2-B514-E19CC1F37A5D}"
EndProject
Project("{FAE04EC0-301F-11D3-BF4B-00C04F79EFBC}") = "Unity.Mathematics.Editor", "Unity.Mathematics.Editor.csproj", "{B4EAC1E5-3B4A-12DB-4611-A96C1123CB09}"
EndProject
Project("{FAE04EC0-301F-11D3-BF4B-00C04F79EFBC}") = "Unity.Collections.BurstCompatibilityGen", "Unity.Collections.BurstCompatibilityGen.csproj", "{6D92B90B-A445-040C-B474-53523B0F4B87}"
EndProject
Project("{FAE04EC0-301F-11D3-BF4B-00C04F79EFBC}") = "Unity.InternalAPIEditorBridge.005", "Unity.InternalAPIEditorBridge.005.csproj", "{82F54B52-D76E-9E2D-C3B7-725E614161B3}"
EndProject
Project("{FAE04EC0-301F-11D3-BF4B-00C04F79EFBC}") = "Unity.VisualScripting.Shared.Editor", "Unity.VisualScripting.Shared.Editor.csproj", "{8D32874A-5ADC-4513-4A3C-55C2C69B670C}"
EndProject
Project("{FAE04EC0-301F-11D3-BF4B-00C04F79EFBC}") = "Unity.Collections.DocCodeSamples", "Unity.Collections.DocCodeSamples.csproj", "{054CDBE7-C516-FD6F-1116-EC6B72C69E68}"
EndProject
Project("{FAE04EC0-301F-11D3-BF4B-00C04F79EFBC}") = "Unity.CollabProxy.Editor", "Unity.CollabProxy.Editor.csproj", "{0541C9E5-4813-4505-9170-9A75299F6770}"
EndProject
Project("{FAE04EC0-301F-11D3-BF4B-00C04F79EFBC}") = "Unity.Timeline", "Unity.Timeline.Player.csproj", "{D69B4399-931C-F4E3-B679-5D1EEA205A4A}"
EndProject
Project("{FAE04EC0-301F-11D3-BF4B-00C04F79EFBC}") = "LDtkUnity.Runtime", "LDtkUnity.Runtime.Player.csproj", "{6482FB15-E55C-4BB4-6956-304E42ADF38E}"
EndProject
Project("{FAE04EC0-301F-11D3-BF4B-00C04F79EFBC}") = "Unity.VisualScripting.Flow", "Unity.VisualScripting.Flow.Player.csproj", "{063806BC-4B4F-DF5F-5B76-0666A9C61A6B}"
EndProject
Project("{FAE04EC0-301F-11D3-BF4B-00C04F79EFBC}") = "Unity.VisualScripting.Core", "Unity.VisualScripting.Core.Player.csproj", "{CBFBDC52-44A3-3EE8-42A5-DCAA89DEB1B5}"
EndProject
Project("{FAE04EC0-301F-11D3-BF4B-00C04F79EFBC}") = "Unity.Mathematics", "Unity.Mathematics.Player.csproj", "{6B03E2D0-BFE8-DEF0-8259-CBF4BD28CC00}"
EndProject
Project("{FAE04EC0-301F-11D3-BF4B-00C04F79EFBC}") = "Unity.2D.IK.Runtime", "Unity.2D.IK.Runtime.Player.csproj", "{76649F37-1314-A857-F6DD-5A1724DAE0E4}"
EndProject
Project("{FAE04EC0-301F-11D3-BF4B-00C04F79EFBC}") = "UnityEngine.TestRunner", "UnityEngine.TestRunner.Player.csproj", "{531EBFBD-C6EE-D5EF-1D5D-F286CBAFB06B}"
EndProject
Project("{FAE04EC0-301F-11D3-BF4B-00C04F79EFBC}") = "Unity.Burst", "Unity.Burst.Player.csproj", "{26963F20-1119-981B-66C8-83340C5F9440}"
EndProject
Project("{FAE04EC0-301F-11D3-BF4B-00C04F79EFBC}") = "UnityEngine.UI", "UnityEngine.UI.Player.csproj", "{E0CA17C1-6B1A-6644-D42B-590F7D863EA5}"
EndProject
Project("{FAE04EC0-301F-11D3-BF4B-00C04F79EFBC}") = "Unity.Collections", "Unity.Collections.Player.csproj", "{4245EC5B-BB29-7636-5C29-6931A056380F}"
EndProject
Project("{FAE04EC0-301F-11D3-BF4B-00C04F79EFBC}") = "Assembly-CSharp", "Assembly-CSharp.Player.csproj", "{3F782A63-68D7-2081-FF04-A77B62C6D2CB}"
EndProject
Project("{FAE04EC0-301F-11D3-BF4B-00C04F79EFBC}") = "Unity.2D.SpriteShape.Runtime", "Unity.2D.SpriteShape.Runtime.Player.csproj", "{B3596B0B-9F04-5B4E-CFB6-8D69005738F7}"
EndProject
Project("{FAE04EC0-301F-11D3-BF4B-00C04F79EFBC}") = "Unity.AI.Navigation", "Unity.AI.Navigation.Player.csproj", "{76C033F9-4E38-064C-BB59-35AB657F341B}"
EndProject
Project("{FAE04EC0-301F-11D3-BF4B-00C04F79EFBC}") = "Unity.2D.Animation.Runtime", "Unity.2D.Animation.Runtime.Player.csproj", "{59EC5A2D-624A-3457-C565-26F34B7A6212}"
EndProject
Project("{FAE04EC0-301F-11D3-BF4B-00C04F79EFBC}") = "Unity.2D.Tilemap.Extras", "Unity.2D.Tilemap.Extras.Player.csproj", "{245DFC2E-D53F-E4B7-1377-2D494001AE05}"
EndProject
Project("{FAE04EC0-301F-11D3-BF4B-00C04F79EFBC}") = "Unity.VisualScripting.State", "Unity.VisualScripting.State.Player.csproj", "{D4A16827-B964-830A-98AF-03947A705F9D}"
EndProject
Project("{FAE04EC0-301F-11D3-BF4B-00C04F79EFBC}") = "Unity.TextMeshPro", "Unity.TextMeshPro.Player.csproj", "{9B1FC188-7C16-B657-3685-3355FC0AFCA3}"
EndProject
Project("{FAE04EC0-301F-11D3-BF4B-00C04F79EFBC}") = "Unity.InternalAPIEngineBridge.001", "Unity.InternalAPIEngineBridge.001.Player.csproj", "{39437C05-49FA-DF93-5250-500CEC046C8F}"
EndProject
Project("{FAE04EC0-301F-11D3-BF4B-00C04F79EFBC}") = "Unity.2D.PixelPerfect", "Unity.2D.PixelPerfect.Player.csproj", "{2859EA09-1433-2856-EAF0-12FE4DDC5C49}"
EndProject
Project("{FAE04EC0-301F-11D3-BF4B-00C04F79EFBC}") = "Unity.2D.Common.Runtime", "Unity.2D.Common.Runtime.Player.csproj", "{352A9062-35EE-B21C-DDB2-8156595D2DD5}"
EndProject
Global
	GlobalSection(SolutionConfigurationPlatforms) = preSolution
		Debug|Any CPU = Debug|Any CPU
		Release|Any CPU = Release|Any CPU
	EndGlobalSection
	GlobalSection(ProjectConfigurationPlatforms) = postSolution
		{7832CF46-707F-74C8-6BE2-6D8CCFEDC359}.Debug|Any CPU.ActiveCfg = Debug|Any CPU
		{7832CF46-707F-74C8-6BE2-6D8CCFEDC359}.Debug|Any CPU.Build.0 = Debug|Any CPU
		{7832CF46-707F-74C8-6BE2-6D8CCFEDC359}.Release|Any CPU.ActiveCfg = Release|Any CPU
		{7832CF46-707F-74C8-6BE2-6D8CCFEDC359}.Release|Any CPU.Build.0 = Release|Any CPU
		{10ACCCF2-FAC9-2846-72BF-09A3A7CDAD20}.Debug|Any CPU.ActiveCfg = Debug|Any CPU
		{10ACCCF2-FAC9-2846-72BF-09A3A7CDAD20}.Debug|Any CPU.Build.0 = Debug|Any CPU
		{10ACCCF2-FAC9-2846-72BF-09A3A7CDAD20}.Release|Any CPU.ActiveCfg = Release|Any CPU
		{10ACCCF2-FAC9-2846-72BF-09A3A7CDAD20}.Release|Any CPU.Build.0 = Release|Any CPU
		{4EB2FB23-E3C0-C091-1336-F9088DDC200E}.Debug|Any CPU.ActiveCfg = Debug|Any CPU
		{4EB2FB23-E3C0-C091-1336-F9088DDC200E}.Debug|Any CPU.Build.0 = Debug|Any CPU
		{4EB2FB23-E3C0-C091-1336-F9088DDC200E}.Release|Any CPU.ActiveCfg = Release|Any CPU
		{4EB2FB23-E3C0-C091-1336-F9088DDC200E}.Release|Any CPU.Build.0 = Release|Any CPU
		{AC479033-B83A-52BF-3C52-0DA41C490C9A}.Debug|Any CPU.ActiveCfg = Debug|Any CPU
		{AC479033-B83A-52BF-3C52-0DA41C490C9A}.Debug|Any CPU.Build.0 = Debug|Any CPU
		{AC479033-B83A-52BF-3C52-0DA41C490C9A}.Release|Any CPU.ActiveCfg = Release|Any CPU
		{AC479033-B83A-52BF-3C52-0DA41C490C9A}.Release|Any CPU.Build.0 = Release|Any CPU
		{0143D661-C7AC-A978-05BD-8AC0982B8706}.Debug|Any CPU.ActiveCfg = Debug|Any CPU
		{0143D661-C7AC-A978-05BD-8AC0982B8706}.Debug|Any CPU.Build.0 = Debug|Any CPU
		{0143D661-C7AC-A978-05BD-8AC0982B8706}.Release|Any CPU.ActiveCfg = Release|Any CPU
		{0143D661-C7AC-A978-05BD-8AC0982B8706}.Release|Any CPU.Build.0 = Release|Any CPU
		{ACED0A45-58A8-26FF-DD5A-DE1B201AE934}.Debug|Any CPU.ActiveCfg = Debug|Any CPU
		{ACED0A45-58A8-26FF-DD5A-DE1B201AE934}.Debug|Any CPU.Build.0 = Debug|Any CPU
		{ACED0A45-58A8-26FF-DD5A-DE1B201AE934}.Release|Any CPU.ActiveCfg = Release|Any CPU
		{ACED0A45-58A8-26FF-DD5A-DE1B201AE934}.Release|Any CPU.Build.0 = Release|Any CPU
		{2AB59352-D21B-7065-6F09-7CF6BE5F5314}.Debug|Any CPU.ActiveCfg = Debug|Any CPU
		{2AB59352-D21B-7065-6F09-7CF6BE5F5314}.Debug|Any CPU.Build.0 = Debug|Any CPU
		{2AB59352-D21B-7065-6F09-7CF6BE5F5314}.Release|Any CPU.ActiveCfg = Release|Any CPU
		{2AB59352-D21B-7065-6F09-7CF6BE5F5314}.Release|Any CPU.Build.0 = Release|Any CPU
		{05786791-6766-96AA-60C9-867755DEE91F}.Debug|Any CPU.ActiveCfg = Debug|Any CPU
		{05786791-6766-96AA-60C9-867755DEE91F}.Debug|Any CPU.Build.0 = Debug|Any CPU
		{05786791-6766-96AA-60C9-867755DEE91F}.Release|Any CPU.ActiveCfg = Release|Any CPU
		{05786791-6766-96AA-60C9-867755DEE91F}.Release|Any CPU.Build.0 = Release|Any CPU
		{2F9B2ED5-9BF4-0DB4-D232-1A3C9EBD6546}.Debug|Any CPU.ActiveCfg = Debug|Any CPU
		{2F9B2ED5-9BF4-0DB4-D232-1A3C9EBD6546}.Debug|Any CPU.Build.0 = Debug|Any CPU
		{2F9B2ED5-9BF4-0DB4-D232-1A3C9EBD6546}.Release|Any CPU.ActiveCfg = Release|Any CPU
		{2F9B2ED5-9BF4-0DB4-D232-1A3C9EBD6546}.Release|Any CPU.Build.0 = Release|Any CPU
		{79B8FE44-8E0D-6172-F280-8935BC7CC0AE}.Debug|Any CPU.ActiveCfg = Debug|Any CPU
		{79B8FE44-8E0D-6172-F280-8935BC7CC0AE}.Debug|Any CPU.Build.0 = Debug|Any CPU
		{79B8FE44-8E0D-6172-F280-8935BC7CC0AE}.Release|Any CPU.ActiveCfg = Release|Any CPU
		{79B8FE44-8E0D-6172-F280-8935BC7CC0AE}.Release|Any CPU.Build.0 = Release|Any CPU
		{E6A4A47E-2765-0976-602C-BFEDC7B8F8E2}.Debug|Any CPU.ActiveCfg = Debug|Any CPU
		{E6A4A47E-2765-0976-602C-BFEDC7B8F8E2}.Debug|Any CPU.Build.0 = Debug|Any CPU
		{E6A4A47E-2765-0976-602C-BFEDC7B8F8E2}.Release|Any CPU.ActiveCfg = Release|Any CPU
		{E6A4A47E-2765-0976-602C-BFEDC7B8F8E2}.Release|Any CPU.Build.0 = Release|Any CPU
		{7993BFF4-1DE6-0D9B-8185-53E2D75415D3}.Debug|Any CPU.ActiveCfg = Debug|Any CPU
		{7993BFF4-1DE6-0D9B-8185-53E2D75415D3}.Debug|Any CPU.Build.0 = Debug|Any CPU
		{7993BFF4-1DE6-0D9B-8185-53E2D75415D3}.Release|Any CPU.ActiveCfg = Release|Any CPU
		{7993BFF4-1DE6-0D9B-8185-53E2D75415D3}.Release|Any CPU.Build.0 = Release|Any CPU
		{5622CAE7-ED32-DD55-F6D6-553D084684F5}.Debug|Any CPU.ActiveCfg = Debug|Any CPU
		{5622CAE7-ED32-DD55-F6D6-553D084684F5}.Debug|Any CPU.Build.0 = Debug|Any CPU
		{5622CAE7-ED32-DD55-F6D6-553D084684F5}.Release|Any CPU.ActiveCfg = Release|Any CPU
		{5622CAE7-ED32-DD55-F6D6-553D084684F5}.Release|Any CPU.Build.0 = Release|Any CPU
		{F8A89952-57A4-0E6F-E993-30DB6F6E7B62}.Debug|Any CPU.ActiveCfg = Debug|Any CPU
		{F8A89952-57A4-0E6F-E993-30DB6F6E7B62}.Debug|Any CPU.Build.0 = Debug|Any CPU
		{F8A89952-57A4-0E6F-E993-30DB6F6E7B62}.Release|Any CPU.ActiveCfg = Release|Any CPU
		{F8A89952-57A4-0E6F-E993-30DB6F6E7B62}.Release|Any CPU.Build.0 = Release|Any CPU
		{1D5D4963-7160-5CD7-9FCB-60CE52CBBEDC}.Debug|Any CPU.ActiveCfg = Debug|Any CPU
		{1D5D4963-7160-5CD7-9FCB-60CE52CBBEDC}.Debug|Any CPU.Build.0 = Debug|Any CPU
		{1D5D4963-7160-5CD7-9FCB-60CE52CBBEDC}.Release|Any CPU.ActiveCfg = Release|Any CPU
		{1D5D4963-7160-5CD7-9FCB-60CE52CBBEDC}.Release|Any CPU.Build.0 = Release|Any CPU
		{E4553701-129B-AF81-FF58-CE7C4A0DC604}.Debug|Any CPU.ActiveCfg = Debug|Any CPU
		{E4553701-129B-AF81-FF58-CE7C4A0DC604}.Debug|Any CPU.Build.0 = Debug|Any CPU
		{E4553701-129B-AF81-FF58-CE7C4A0DC604}.Release|Any CPU.ActiveCfg = Release|Any CPU
		{E4553701-129B-AF81-FF58-CE7C4A0DC604}.Release|Any CPU.Build.0 = Release|Any CPU
		{7BDE08BF-1C43-D678-EC87-4E8C1E4D3047}.Debug|Any CPU.ActiveCfg = Debug|Any CPU
		{7BDE08BF-1C43-D678-EC87-4E8C1E4D3047}.Debug|Any CPU.Build.0 = Debug|Any CPU
		{7BDE08BF-1C43-D678-EC87-4E8C1E4D3047}.Release|Any CPU.ActiveCfg = Release|Any CPU
		{7BDE08BF-1C43-D678-EC87-4E8C1E4D3047}.Release|Any CPU.Build.0 = Release|Any CPU
		{110EA90E-891F-0CDA-DA55-5EDFEFB5EF07}.Debug|Any CPU.ActiveCfg = Debug|Any CPU
		{110EA90E-891F-0CDA-DA55-5EDFEFB5EF07}.Debug|Any CPU.Build.0 = Debug|Any CPU
		{110EA90E-891F-0CDA-DA55-5EDFEFB5EF07}.Release|Any CPU.ActiveCfg = Release|Any CPU
		{110EA90E-891F-0CDA-DA55-5EDFEFB5EF07}.Release|Any CPU.Build.0 = Release|Any CPU
		{828E1BEF-A13A-9EE8-17C3-1570E531D966}.Debug|Any CPU.ActiveCfg = Debug|Any CPU
		{828E1BEF-A13A-9EE8-17C3-1570E531D966}.Debug|Any CPU.Build.0 = Debug|Any CPU
		{828E1BEF-A13A-9EE8-17C3-1570E531D966}.Release|Any CPU.ActiveCfg = Release|Any CPU
		{828E1BEF-A13A-9EE8-17C3-1570E531D966}.Release|Any CPU.Build.0 = Release|Any CPU
		{06506E4E-4703-1059-8B79-356B72208CF7}.Debug|Any CPU.ActiveCfg = Debug|Any CPU
		{06506E4E-4703-1059-8B79-356B72208CF7}.Debug|Any CPU.Build.0 = Debug|Any CPU
		{06506E4E-4703-1059-8B79-356B72208CF7}.Release|Any CPU.ActiveCfg = Release|Any CPU
		{06506E4E-4703-1059-8B79-356B72208CF7}.Release|Any CPU.Build.0 = Release|Any CPU
		{D10EAA16-3693-3F87-55F4-8AF013BB2260}.Debug|Any CPU.ActiveCfg = Debug|Any CPU
		{D10EAA16-3693-3F87-55F4-8AF013BB2260}.Debug|Any CPU.Build.0 = Debug|Any CPU
		{D10EAA16-3693-3F87-55F4-8AF013BB2260}.Release|Any CPU.ActiveCfg = Release|Any CPU
		{D10EAA16-3693-3F87-55F4-8AF013BB2260}.Release|Any CPU.Build.0 = Release|Any CPU
		{35541CFF-23CF-5FE1-0DF7-ED1062C908BB}.Debug|Any CPU.ActiveCfg = Debug|Any CPU
		{35541CFF-23CF-5FE1-0DF7-ED1062C908BB}.Debug|Any CPU.Build.0 = Debug|Any CPU
		{35541CFF-23CF-5FE1-0DF7-ED1062C908BB}.Release|Any CPU.ActiveCfg = Release|Any CPU
		{35541CFF-23CF-5FE1-0DF7-ED1062C908BB}.Release|Any CPU.Build.0 = Release|Any CPU
		{3EAF256B-3B07-BB67-4DCE-E4E867283051}.Debug|Any CPU.ActiveCfg = Debug|Any CPU
		{3EAF256B-3B07-BB67-4DCE-E4E867283051}.Debug|Any CPU.Build.0 = Debug|Any CPU
		{3EAF256B-3B07-BB67-4DCE-E4E867283051}.Release|Any CPU.ActiveCfg = Release|Any CPU
		{3EAF256B-3B07-BB67-4DCE-E4E867283051}.Release|Any CPU.Build.0 = Release|Any CPU
		{7E54AF23-2DDB-808D-3DDA-C8A46989E374}.Debug|Any CPU.ActiveCfg = Debug|Any CPU
		{7E54AF23-2DDB-808D-3DDA-C8A46989E374}.Debug|Any CPU.Build.0 = Debug|Any CPU
		{7E54AF23-2DDB-808D-3DDA-C8A46989E374}.Release|Any CPU.ActiveCfg = Release|Any CPU
		{7E54AF23-2DDB-808D-3DDA-C8A46989E374}.Release|Any CPU.Build.0 = Release|Any CPU
		{FDEAB850-1F92-ED67-01CA-D25BCE895BF3}.Debug|Any CPU.ActiveCfg = Debug|Any CPU
		{FDEAB850-1F92-ED67-01CA-D25BCE895BF3}.Debug|Any CPU.Build.0 = Debug|Any CPU
		{FDEAB850-1F92-ED67-01CA-D25BCE895BF3}.Release|Any CPU.ActiveCfg = Release|Any CPU
		{FDEAB850-1F92-ED67-01CA-D25BCE895BF3}.Release|Any CPU.Build.0 = Release|Any CPU
		{ED4EE1DB-F960-2AC3-832B-8436BEF3F145}.Debug|Any CPU.ActiveCfg = Debug|Any CPU
		{ED4EE1DB-F960-2AC3-832B-8436BEF3F145}.Debug|Any CPU.Build.0 = Debug|Any CPU
		{ED4EE1DB-F960-2AC3-832B-8436BEF3F145}.Release|Any CPU.ActiveCfg = Release|Any CPU
		{ED4EE1DB-F960-2AC3-832B-8436BEF3F145}.Release|Any CPU.Build.0 = Release|Any CPU
		{0CE54530-734D-25C2-9897-0ADFBE19CF41}.Debug|Any CPU.ActiveCfg = Debug|Any CPU
		{0CE54530-734D-25C2-9897-0ADFBE19CF41}.Debug|Any CPU.Build.0 = Debug|Any CPU
		{0CE54530-734D-25C2-9897-0ADFBE19CF41}.Release|Any CPU.ActiveCfg = Release|Any CPU
		{0CE54530-734D-25C2-9897-0ADFBE19CF41}.Release|Any CPU.Build.0 = Release|Any CPU
		{922C62C2-EBD4-B568-5E7D-9EF25BB15F6F}.Debug|Any CPU.ActiveCfg = Debug|Any CPU
		{922C62C2-EBD4-B568-5E7D-9EF25BB15F6F}.Debug|Any CPU.Build.0 = Debug|Any CPU
		{922C62C2-EBD4-B568-5E7D-9EF25BB15F6F}.Release|Any CPU.ActiveCfg = Release|Any CPU
		{922C62C2-EBD4-B568-5E7D-9EF25BB15F6F}.Release|Any CPU.Build.0 = Release|Any CPU
		{080FD742-CDCE-FEE5-2EEA-1708F42287B2}.Debug|Any CPU.ActiveCfg = Debug|Any CPU
		{080FD742-CDCE-FEE5-2EEA-1708F42287B2}.Debug|Any CPU.Build.0 = Debug|Any CPU
		{080FD742-CDCE-FEE5-2EEA-1708F42287B2}.Release|Any CPU.ActiveCfg = Release|Any CPU
		{080FD742-CDCE-FEE5-2EEA-1708F42287B2}.Release|Any CPU.Build.0 = Release|Any CPU
		{37D3FE10-F98A-92FA-5C1D-DB20A49B0455}.Debug|Any CPU.ActiveCfg = Debug|Any CPU
		{37D3FE10-F98A-92FA-5C1D-DB20A49B0455}.Debug|Any CPU.Build.0 = Debug|Any CPU
		{37D3FE10-F98A-92FA-5C1D-DB20A49B0455}.Release|Any CPU.ActiveCfg = Release|Any CPU
		{37D3FE10-F98A-92FA-5C1D-DB20A49B0455}.Release|Any CPU.Build.0 = Release|Any CPU
		{FD9ABB42-EABC-5E95-C7E0-D2C4DE01EC59}.Debug|Any CPU.ActiveCfg = Debug|Any CPU
		{FD9ABB42-EABC-5E95-C7E0-D2C4DE01EC59}.Debug|Any CPU.Build.0 = Debug|Any CPU
		{FD9ABB42-EABC-5E95-C7E0-D2C4DE01EC59}.Release|Any CPU.ActiveCfg = Release|Any CPU
		{FD9ABB42-EABC-5E95-C7E0-D2C4DE01EC59}.Release|Any CPU.Build.0 = Release|Any CPU
		{7A8504B4-FBF8-47E8-F614-23DCB792EE5C}.Debug|Any CPU.ActiveCfg = Debug|Any CPU
		{7A8504B4-FBF8-47E8-F614-23DCB792EE5C}.Debug|Any CPU.Build.0 = Debug|Any CPU
		{7A8504B4-FBF8-47E8-F614-23DCB792EE5C}.Release|Any CPU.ActiveCfg = Release|Any CPU
		{7A8504B4-FBF8-47E8-F614-23DCB792EE5C}.Release|Any CPU.Build.0 = Release|Any CPU
		{B39B4304-B390-88BA-1920-11B4DDD403FB}.Debug|Any CPU.ActiveCfg = Debug|Any CPU
		{B39B4304-B390-88BA-1920-11B4DDD403FB}.Debug|Any CPU.Build.0 = Debug|Any CPU
		{B39B4304-B390-88BA-1920-11B4DDD403FB}.Release|Any CPU.ActiveCfg = Release|Any CPU
		{B39B4304-B390-88BA-1920-11B4DDD403FB}.Release|Any CPU.Build.0 = Release|Any CPU
		{8F2ED78E-1795-01BF-5DA7-2F4005172326}.Debug|Any CPU.ActiveCfg = Debug|Any CPU
		{8F2ED78E-1795-01BF-5DA7-2F4005172326}.Debug|Any CPU.Build.0 = Debug|Any CPU
		{8F2ED78E-1795-01BF-5DA7-2F4005172326}.Release|Any CPU.ActiveCfg = Release|Any CPU
		{8F2ED78E-1795-01BF-5DA7-2F4005172326}.Release|Any CPU.Build.0 = Release|Any CPU
		{4014E84D-7758-7942-F283-EE8A8E9C74AC}.Debug|Any CPU.ActiveCfg = Debug|Any CPU
		{4014E84D-7758-7942-F283-EE8A8E9C74AC}.Debug|Any CPU.Build.0 = Debug|Any CPU
		{4014E84D-7758-7942-F283-EE8A8E9C74AC}.Release|Any CPU.ActiveCfg = Release|Any CPU
		{4014E84D-7758-7942-F283-EE8A8E9C74AC}.Release|Any CPU.Build.0 = Release|Any CPU
		{EBD3832E-419F-DA30-3550-7B7C12D6735B}.Debug|Any CPU.ActiveCfg = Debug|Any CPU
		{EBD3832E-419F-DA30-3550-7B7C12D6735B}.Debug|Any CPU.Build.0 = Debug|Any CPU
		{EBD3832E-419F-DA30-3550-7B7C12D6735B}.Release|Any CPU.ActiveCfg = Release|Any CPU
		{EBD3832E-419F-DA30-3550-7B7C12D6735B}.Release|Any CPU.Build.0 = Release|Any CPU
		{ECAE642C-28BF-3E90-FCD2-B9F7E9693AF1}.Debug|Any CPU.ActiveCfg = Debug|Any CPU
		{ECAE642C-28BF-3E90-FCD2-B9F7E9693AF1}.Debug|Any CPU.Build.0 = Debug|Any CPU
		{ECAE642C-28BF-3E90-FCD2-B9F7E9693AF1}.Release|Any CPU.ActiveCfg = Release|Any CPU
		{ECAE642C-28BF-3E90-FCD2-B9F7E9693AF1}.Release|Any CPU.Build.0 = Release|Any CPU
		{C72DD1B0-CCA8-4574-E15B-F476F4B2C8F5}.Debug|Any CPU.ActiveCfg = Debug|Any CPU
		{C72DD1B0-CCA8-4574-E15B-F476F4B2C8F5}.Debug|Any CPU.Build.0 = Debug|Any CPU
		{C72DD1B0-CCA8-4574-E15B-F476F4B2C8F5}.Release|Any CPU.ActiveCfg = Release|Any CPU
		{C72DD1B0-CCA8-4574-E15B-F476F4B2C8F5}.Release|Any CPU.Build.0 = Release|Any CPU
		{1E3FEFAB-D09D-4384-299B-4C1189EB6858}.Debug|Any CPU.ActiveCfg = Debug|Any CPU
		{1E3FEFAB-D09D-4384-299B-4C1189EB6858}.Debug|Any CPU.Build.0 = Debug|Any CPU
		{1E3FEFAB-D09D-4384-299B-4C1189EB6858}.Release|Any CPU.ActiveCfg = Release|Any CPU
		{1E3FEFAB-D09D-4384-299B-4C1189EB6858}.Release|Any CPU.Build.0 = Release|Any CPU
		{B93738E5-71FA-400C-B446-07BF6D51B380}.Debug|Any CPU.ActiveCfg = Debug|Any CPU
		{B93738E5-71FA-400C-B446-07BF6D51B380}.Debug|Any CPU.Build.0 = Debug|Any CPU
		{B93738E5-71FA-400C-B446-07BF6D51B380}.Release|Any CPU.ActiveCfg = Release|Any CPU
		{B93738E5-71FA-400C-B446-07BF6D51B380}.Release|Any CPU.Build.0 = Release|Any CPU
		{E75B826F-7169-C3CC-A3D7-B02E5D6E66EE}.Debug|Any CPU.ActiveCfg = Debug|Any CPU
		{E75B826F-7169-C3CC-A3D7-B02E5D6E66EE}.Debug|Any CPU.Build.0 = Debug|Any CPU
		{E75B826F-7169-C3CC-A3D7-B02E5D6E66EE}.Release|Any CPU.ActiveCfg = Release|Any CPU
		{E75B826F-7169-C3CC-A3D7-B02E5D6E66EE}.Release|Any CPU.Build.0 = Release|Any CPU
		{24F1CD92-E158-75C9-44CC-DEF4EECE5B3A}.Debug|Any CPU.ActiveCfg = Debug|Any CPU
		{24F1CD92-E158-75C9-44CC-DEF4EECE5B3A}.Debug|Any CPU.Build.0 = Debug|Any CPU
		{24F1CD92-E158-75C9-44CC-DEF4EECE5B3A}.Release|Any CPU.ActiveCfg = Release|Any CPU
		{24F1CD92-E158-75C9-44CC-DEF4EECE5B3A}.Release|Any CPU.Build.0 = Release|Any CPU
		{C5CA4C9F-E58F-3901-0168-3A208A849091}.Debug|Any CPU.ActiveCfg = Debug|Any CPU
		{C5CA4C9F-E58F-3901-0168-3A208A849091}.Debug|Any CPU.Build.0 = Debug|Any CPU
		{C5CA4C9F-E58F-3901-0168-3A208A849091}.Release|Any CPU.ActiveCfg = Release|Any CPU
		{C5CA4C9F-E58F-3901-0168-3A208A849091}.Release|Any CPU.Build.0 = Release|Any CPU
		{CB2C8E04-1092-5E44-83D6-5E820D4F2474}.Debug|Any CPU.ActiveCfg = Debug|Any CPU
		{CB2C8E04-1092-5E44-83D6-5E820D4F2474}.Debug|Any CPU.Build.0 = Debug|Any CPU
		{CB2C8E04-1092-5E44-83D6-5E820D4F2474}.Release|Any CPU.ActiveCfg = Release|Any CPU
		{CB2C8E04-1092-5E44-83D6-5E820D4F2474}.Release|Any CPU.Build.0 = Release|Any CPU
		{93EBB05C-4301-EE46-D536-7E48CDAC8EDD}.Debug|Any CPU.ActiveCfg = Debug|Any CPU
		{93EBB05C-4301-EE46-D536-7E48CDAC8EDD}.Debug|Any CPU.Build.0 = Debug|Any CPU
		{93EBB05C-4301-EE46-D536-7E48CDAC8EDD}.Release|Any CPU.ActiveCfg = Release|Any CPU
		{93EBB05C-4301-EE46-D536-7E48CDAC8EDD}.Release|Any CPU.Build.0 = Release|Any CPU
		{FC7789A2-6B4C-06E4-9C6F-4CA31EB17ADE}.Debug|Any CPU.ActiveCfg = Debug|Any CPU
		{FC7789A2-6B4C-06E4-9C6F-4CA31EB17ADE}.Debug|Any CPU.Build.0 = Debug|Any CPU
		{FC7789A2-6B4C-06E4-9C6F-4CA31EB17ADE}.Release|Any CPU.ActiveCfg = Release|Any CPU
		{FC7789A2-6B4C-06E4-9C6F-4CA31EB17ADE}.Release|Any CPU.Build.0 = Release|Any CPU
		{7C32BC5D-D8B2-1BFC-8E8E-503B49980E7A}.Debug|Any CPU.ActiveCfg = Debug|Any CPU
		{7C32BC5D-D8B2-1BFC-8E8E-503B49980E7A}.Debug|Any CPU.Build.0 = Debug|Any CPU
		{7C32BC5D-D8B2-1BFC-8E8E-503B49980E7A}.Release|Any CPU.ActiveCfg = Release|Any CPU
		{7C32BC5D-D8B2-1BFC-8E8E-503B49980E7A}.Release|Any CPU.Build.0 = Release|Any CPU
		{C113820F-0A3F-1F87-720F-5060B71049AA}.Debug|Any CPU.ActiveCfg = Debug|Any CPU
		{C113820F-0A3F-1F87-720F-5060B71049AA}.Debug|Any CPU.Build.0 = Debug|Any CPU
		{C113820F-0A3F-1F87-720F-5060B71049AA}.Release|Any CPU.ActiveCfg = Release|Any CPU
		{C113820F-0A3F-1F87-720F-5060B71049AA}.Release|Any CPU.Build.0 = Release|Any CPU
		{0B7C1FFB-66DB-D602-9098-0CD2D55BBAB8}.Debug|Any CPU.ActiveCfg = Debug|Any CPU
		{0B7C1FFB-66DB-D602-9098-0CD2D55BBAB8}.Debug|Any CPU.Build.0 = Debug|Any CPU
		{0B7C1FFB-66DB-D602-9098-0CD2D55BBAB8}.Release|Any CPU.ActiveCfg = Release|Any CPU
		{0B7C1FFB-66DB-D602-9098-0CD2D55BBAB8}.Release|Any CPU.Build.0 = Release|Any CPU
		{E86A70FE-1337-7458-E70B-D7A862851DCF}.Debug|Any CPU.ActiveCfg = Debug|Any CPU
		{E86A70FE-1337-7458-E70B-D7A862851DCF}.Debug|Any CPU.Build.0 = Debug|Any CPU
		{E86A70FE-1337-7458-E70B-D7A862851DCF}.Release|Any CPU.ActiveCfg = Release|Any CPU
		{E86A70FE-1337-7458-E70B-D7A862851DCF}.Release|Any CPU.Build.0 = Release|Any CPU
		{981081E0-71C7-8589-05D4-31CAF5D78F9A}.Debug|Any CPU.ActiveCfg = Debug|Any CPU
		{981081E0-71C7-8589-05D4-31CAF5D78F9A}.Debug|Any CPU.Build.0 = Debug|Any CPU
		{981081E0-71C7-8589-05D4-31CAF5D78F9A}.Release|Any CPU.ActiveCfg = Release|Any CPU
		{981081E0-71C7-8589-05D4-31CAF5D78F9A}.Release|Any CPU.Build.0 = Release|Any CPU
		{2EE129C7-2804-6219-ED8B-51180D5B98C4}.Debug|Any CPU.ActiveCfg = Debug|Any CPU
		{2EE129C7-2804-6219-ED8B-51180D5B98C4}.Debug|Any CPU.Build.0 = Debug|Any CPU
		{2EE129C7-2804-6219-ED8B-51180D5B98C4}.Release|Any CPU.ActiveCfg = Release|Any CPU
		{2EE129C7-2804-6219-ED8B-51180D5B98C4}.Release|Any CPU.Build.0 = Release|Any CPU
		{C101FF03-0CB9-D1E2-B514-E19CC1F37A5D}.Debug|Any CPU.ActiveCfg = Debug|Any CPU
		{C101FF03-0CB9-D1E2-B514-E19CC1F37A5D}.Debug|Any CPU.Build.0 = Debug|Any CPU
		{C101FF03-0CB9-D1E2-B514-E19CC1F37A5D}.Release|Any CPU.ActiveCfg = Release|Any CPU
		{C101FF03-0CB9-D1E2-B514-E19CC1F37A5D}.Release|Any CPU.Build.0 = Release|Any CPU
		{B4EAC1E5-3B4A-12DB-4611-A96C1123CB09}.Debug|Any CPU.ActiveCfg = Debug|Any CPU
		{B4EAC1E5-3B4A-12DB-4611-A96C1123CB09}.Debug|Any CPU.Build.0 = Debug|Any CPU
		{B4EAC1E5-3B4A-12DB-4611-A96C1123CB09}.Release|Any CPU.ActiveCfg = Release|Any CPU
		{B4EAC1E5-3B4A-12DB-4611-A96C1123CB09}.Release|Any CPU.Build.0 = Release|Any CPU
		{6D92B90B-A445-040C-B474-53523B0F4B87}.Debug|Any CPU.ActiveCfg = Debug|Any CPU
		{6D92B90B-A445-040C-B474-53523B0F4B87}.Debug|Any CPU.Build.0 = Debug|Any CPU
		{6D92B90B-A445-040C-B474-53523B0F4B87}.Release|Any CPU.ActiveCfg = Release|Any CPU
		{6D92B90B-A445-040C-B474-53523B0F4B87}.Release|Any CPU.Build.0 = Release|Any CPU
		{82F54B52-D76E-9E2D-C3B7-725E614161B3}.Debug|Any CPU.ActiveCfg = Debug|Any CPU
		{82F54B52-D76E-9E2D-C3B7-725E614161B3}.Debug|Any CPU.Build.0 = Debug|Any CPU
		{82F54B52-D76E-9E2D-C3B7-725E614161B3}.Release|Any CPU.ActiveCfg = Release|Any CPU
		{82F54B52-D76E-9E2D-C3B7-725E614161B3}.Release|Any CPU.Build.0 = Release|Any CPU
		{8D32874A-5ADC-4513-4A3C-55C2C69B670C}.Debug|Any CPU.ActiveCfg = Debug|Any CPU
		{8D32874A-5ADC-4513-4A3C-55C2C69B670C}.Debug|Any CPU.Build.0 = Debug|Any CPU
		{8D32874A-5ADC-4513-4A3C-55C2C69B670C}.Release|Any CPU.ActiveCfg = Release|Any CPU
		{8D32874A-5ADC-4513-4A3C-55C2C69B670C}.Release|Any CPU.Build.0 = Release|Any CPU
		{054CDBE7-C516-FD6F-1116-EC6B72C69E68}.Debug|Any CPU.ActiveCfg = Debug|Any CPU
		{054CDBE7-C516-FD6F-1116-EC6B72C69E68}.Debug|Any CPU.Build.0 = Debug|Any CPU
		{054CDBE7-C516-FD6F-1116-EC6B72C69E68}.Release|Any CPU.ActiveCfg = Release|Any CPU
		{054CDBE7-C516-FD6F-1116-EC6B72C69E68}.Release|Any CPU.Build.0 = Release|Any CPU
		{0541C9E5-4813-4505-9170-9A75299F6770}.Debug|Any CPU.ActiveCfg = Debug|Any CPU
		{0541C9E5-4813-4505-9170-9A75299F6770}.Debug|Any CPU.Build.0 = Debug|Any CPU
		{0541C9E5-4813-4505-9170-9A75299F6770}.Release|Any CPU.ActiveCfg = Release|Any CPU
		{0541C9E5-4813-4505-9170-9A75299F6770}.Release|Any CPU.Build.0 = Release|Any CPU
		{D69B4399-931C-F4E3-B679-5D1EEA205A4A}.Debug|Any CPU.ActiveCfg = Debug|Any CPU
		{D69B4399-931C-F4E3-B679-5D1EEA205A4A}.Debug|Any CPU.Build.0 = Debug|Any CPU
		{D69B4399-931C-F4E3-B679-5D1EEA205A4A}.Release|Any CPU.ActiveCfg = Release|Any CPU
		{D69B4399-931C-F4E3-B679-5D1EEA205A4A}.Release|Any CPU.Build.0 = Release|Any CPU
		{6482FB15-E55C-4BB4-6956-304E42ADF38E}.Debug|Any CPU.ActiveCfg = Debug|Any CPU
		{6482FB15-E55C-4BB4-6956-304E42ADF38E}.Debug|Any CPU.Build.0 = Debug|Any CPU
		{6482FB15-E55C-4BB4-6956-304E42ADF38E}.Release|Any CPU.ActiveCfg = Release|Any CPU
		{6482FB15-E55C-4BB4-6956-304E42ADF38E}.Release|Any CPU.Build.0 = Release|Any CPU
		{063806BC-4B4F-DF5F-5B76-0666A9C61A6B}.Debug|Any CPU.ActiveCfg = Debug|Any CPU
		{063806BC-4B4F-DF5F-5B76-0666A9C61A6B}.Debug|Any CPU.Build.0 = Debug|Any CPU
		{063806BC-4B4F-DF5F-5B76-0666A9C61A6B}.Release|Any CPU.ActiveCfg = Release|Any CPU
		{063806BC-4B4F-DF5F-5B76-0666A9C61A6B}.Release|Any CPU.Build.0 = Release|Any CPU
		{CBFBDC52-44A3-3EE8-42A5-DCAA89DEB1B5}.Debug|Any CPU.ActiveCfg = Debug|Any CPU
		{CBFBDC52-44A3-3EE8-42A5-DCAA89DEB1B5}.Debug|Any CPU.Build.0 = Debug|Any CPU
		{CBFBDC52-44A3-3EE8-42A5-DCAA89DEB1B5}.Release|Any CPU.ActiveCfg = Release|Any CPU
		{CBFBDC52-44A3-3EE8-42A5-DCAA89DEB1B5}.Release|Any CPU.Build.0 = Release|Any CPU
		{6B03E2D0-BFE8-DEF0-8259-CBF4BD28CC00}.Debug|Any CPU.ActiveCfg = Debug|Any CPU
		{6B03E2D0-BFE8-DEF0-8259-CBF4BD28CC00}.Debug|Any CPU.Build.0 = Debug|Any CPU
		{6B03E2D0-BFE8-DEF0-8259-CBF4BD28CC00}.Release|Any CPU.ActiveCfg = Release|Any CPU
		{6B03E2D0-BFE8-DEF0-8259-CBF4BD28CC00}.Release|Any CPU.Build.0 = Release|Any CPU
		{76649F37-1314-A857-F6DD-5A1724DAE0E4}.Debug|Any CPU.ActiveCfg = Debug|Any CPU
		{76649F37-1314-A857-F6DD-5A1724DAE0E4}.Debug|Any CPU.Build.0 = Debug|Any CPU
		{76649F37-1314-A857-F6DD-5A1724DAE0E4}.Release|Any CPU.ActiveCfg = Release|Any CPU
		{76649F37-1314-A857-F6DD-5A1724DAE0E4}.Release|Any CPU.Build.0 = Release|Any CPU
		{531EBFBD-C6EE-D5EF-1D5D-F286CBAFB06B}.Debug|Any CPU.ActiveCfg = Debug|Any CPU
		{531EBFBD-C6EE-D5EF-1D5D-F286CBAFB06B}.Debug|Any CPU.Build.0 = Debug|Any CPU
		{531EBFBD-C6EE-D5EF-1D5D-F286CBAFB06B}.Release|Any CPU.ActiveCfg = Release|Any CPU
		{531EBFBD-C6EE-D5EF-1D5D-F286CBAFB06B}.Release|Any CPU.Build.0 = Release|Any CPU
		{26963F20-1119-981B-66C8-83340C5F9440}.Debug|Any CPU.ActiveCfg = Debug|Any CPU
		{26963F20-1119-981B-66C8-83340C5F9440}.Debug|Any CPU.Build.0 = Debug|Any CPU
		{26963F20-1119-981B-66C8-83340C5F9440}.Release|Any CPU.ActiveCfg = Release|Any CPU
		{26963F20-1119-981B-66C8-83340C5F9440}.Release|Any CPU.Build.0 = Release|Any CPU
		{E0CA17C1-6B1A-6644-D42B-590F7D863EA5}.Debug|Any CPU.ActiveCfg = Debug|Any CPU
		{E0CA17C1-6B1A-6644-D42B-590F7D863EA5}.Debug|Any CPU.Build.0 = Debug|Any CPU
		{E0CA17C1-6B1A-6644-D42B-590F7D863EA5}.Release|Any CPU.ActiveCfg = Release|Any CPU
		{E0CA17C1-6B1A-6644-D42B-590F7D863EA5}.Release|Any CPU.Build.0 = Release|Any CPU
		{4245EC5B-BB29-7636-5C29-6931A056380F}.Debug|Any CPU.ActiveCfg = Debug|Any CPU
		{4245EC5B-BB29-7636-5C29-6931A056380F}.Debug|Any CPU.Build.0 = Debug|Any CPU
		{4245EC5B-BB29-7636-5C29-6931A056380F}.Release|Any CPU.ActiveCfg = Release|Any CPU
		{4245EC5B-BB29-7636-5C29-6931A056380F}.Release|Any CPU.Build.0 = Release|Any CPU
		{3F782A63-68D7-2081-FF04-A77B62C6D2CB}.Debug|Any CPU.ActiveCfg = Debug|Any CPU
		{3F782A63-68D7-2081-FF04-A77B62C6D2CB}.Debug|Any CPU.Build.0 = Debug|Any CPU
		{3F782A63-68D7-2081-FF04-A77B62C6D2CB}.Release|Any CPU.ActiveCfg = Release|Any CPU
		{3F782A63-68D7-2081-FF04-A77B62C6D2CB}.Release|Any CPU.Build.0 = Release|Any CPU
		{B3596B0B-9F04-5B4E-CFB6-8D69005738F7}.Debug|Any CPU.ActiveCfg = Debug|Any CPU
		{B3596B0B-9F04-5B4E-CFB6-8D69005738F7}.Debug|Any CPU.Build.0 = Debug|Any CPU
		{B3596B0B-9F04-5B4E-CFB6-8D69005738F7}.Release|Any CPU.ActiveCfg = Release|Any CPU
		{B3596B0B-9F04-5B4E-CFB6-8D69005738F7}.Release|Any CPU.Build.0 = Release|Any CPU
		{76C033F9-4E38-064C-BB59-35AB657F341B}.Debug|Any CPU.ActiveCfg = Debug|Any CPU
		{76C033F9-4E38-064C-BB59-35AB657F341B}.Debug|Any CPU.Build.0 = Debug|Any CPU
		{76C033F9-4E38-064C-BB59-35AB657F341B}.Release|Any CPU.ActiveCfg = Release|Any CPU
		{76C033F9-4E38-064C-BB59-35AB657F341B}.Release|Any CPU.Build.0 = Release|Any CPU
		{59EC5A2D-624A-3457-C565-26F34B7A6212}.Debug|Any CPU.ActiveCfg = Debug|Any CPU
		{59EC5A2D-624A-3457-C565-26F34B7A6212}.Debug|Any CPU.Build.0 = Debug|Any CPU
		{59EC5A2D-624A-3457-C565-26F34B7A6212}.Release|Any CPU.ActiveCfg = Release|Any CPU
		{59EC5A2D-624A-3457-C565-26F34B7A6212}.Release|Any CPU.Build.0 = Release|Any CPU
		{245DFC2E-D53F-E4B7-1377-2D494001AE05}.Debug|Any CPU.ActiveCfg = Debug|Any CPU
		{245DFC2E-D53F-E4B7-1377-2D494001AE05}.Debug|Any CPU.Build.0 = Debug|Any CPU
		{245DFC2E-D53F-E4B7-1377-2D494001AE05}.Release|Any CPU.ActiveCfg = Release|Any CPU
		{245DFC2E-D53F-E4B7-1377-2D494001AE05}.Release|Any CPU.Build.0 = Release|Any CPU
		{D4A16827-B964-830A-98AF-03947A705F9D}.Debug|Any CPU.ActiveCfg = Debug|Any CPU
		{D4A16827-B964-830A-98AF-03947A705F9D}.Debug|Any CPU.Build.0 = Debug|Any CPU
		{D4A16827-B964-830A-98AF-03947A705F9D}.Release|Any CPU.ActiveCfg = Release|Any CPU
		{D4A16827-B964-830A-98AF-03947A705F9D}.Release|Any CPU.Build.0 = Release|Any CPU
		{9B1FC188-7C16-B657-3685-3355FC0AFCA3}.Debug|Any CPU.ActiveCfg = Debug|Any CPU
		{9B1FC188-7C16-B657-3685-3355FC0AFCA3}.Debug|Any CPU.Build.0 = Debug|Any CPU
		{9B1FC188-7C16-B657-3685-3355FC0AFCA3}.Release|Any CPU.ActiveCfg = Release|Any CPU
		{9B1FC188-7C16-B657-3685-3355FC0AFCA3}.Release|Any CPU.Build.0 = Release|Any CPU
		{39437C05-49FA-DF93-5250-500CEC046C8F}.Debug|Any CPU.ActiveCfg = Debug|Any CPU
		{39437C05-49FA-DF93-5250-500CEC046C8F}.Debug|Any CPU.Build.0 = Debug|Any CPU
		{39437C05-49FA-DF93-5250-500CEC046C8F}.Release|Any CPU.ActiveCfg = Release|Any CPU
		{39437C05-49FA-DF93-5250-500CEC046C8F}.Release|Any CPU.Build.0 = Release|Any CPU
		{2859EA09-1433-2856-EAF0-12FE4DDC5C49}.Debug|Any CPU.ActiveCfg = Debug|Any CPU
		{2859EA09-1433-2856-EAF0-12FE4DDC5C49}.Debug|Any CPU.Build.0 = Debug|Any CPU
		{2859EA09-1433-2856-EAF0-12FE4DDC5C49}.Release|Any CPU.ActiveCfg = Release|Any CPU
		{2859EA09-1433-2856-EAF0-12FE4DDC5C49}.Release|Any CPU.Build.0 = Release|Any CPU
		{352A9062-35EE-B21C-DDB2-8156595D2DD5}.Debug|Any CPU.ActiveCfg = Debug|Any CPU
		{352A9062-35EE-B21C-DDB2-8156595D2DD5}.Debug|Any CPU.Build.0 = Debug|Any CPU
		{352A9062-35EE-B21C-DDB2-8156595D2DD5}.Release|Any CPU.ActiveCfg = Release|Any CPU
		{352A9062-35EE-B21C-DDB2-8156595D2DD5}.Release|Any CPU.Build.0 = Release|Any CPU
	EndGlobalSection
	GlobalSection(SolutionProperties) = preSolution
		HideSolutionNode = FALSE
	EndGlobalSection
EndGlobal
